// !$*UTF8*$!
{
	archiveVersion = 1;
	classes = {
	};
	objectVersion = 50;
	objects = {

/* Begin PBXBuildFile section */
		2223F8A826512C1A004F2FE9 /* LocalizableProtocol.swift in Sources */ = {isa = PBXBuildFile; fileRef = 2223F8A726512C1A004F2FE9 /* LocalizableProtocol.swift */; };
		2223F8AB26512C5A004F2FE9 /* String+Extension.swift in Sources */ = {isa = PBXBuildFile; fileRef = 2223F8AA26512C5A004F2FE9 /* String+Extension.swift */; };
		2223F8AE26512DEB004F2FE9 /* Constants.swift in Sources */ = {isa = PBXBuildFile; fileRef = 2223F8AD26512DEB004F2FE9 /* Constants.swift */; };
		2223F8B426512F01004F2FE9 /* KeysForTranslate.swift in Sources */ = {isa = PBXBuildFile; fileRef = 2223F8B326512F01004F2FE9 /* KeysForTranslate.swift */; };
		2223F8B726512F5B004F2FE9 /* AppLanguageType.swift in Sources */ = {isa = PBXBuildFile; fileRef = 2223F8B626512F5B004F2FE9 /* AppLanguageType.swift */; };
		2223F8BB26512F8C004F2FE9 /* AppLanguageService.swift in Sources */ = {isa = PBXBuildFile; fileRef = 2223F8BA26512F8C004F2FE9 /* AppLanguageService.swift */; };
		2223F8BC26512FFD004F2FE9 /* Localizable.strings in Resources */ = {isa = PBXBuildFile; fileRef = 2223F8BE26512FFD004F2FE9 /* Localizable.strings */; };
		228BC438264979FD0030FB30 /* AppDelegate.swift in Sources */ = {isa = PBXBuildFile; fileRef = 228BC437264979FD0030FB30 /* AppDelegate.swift */; };
		228BC442264979FD0030FB30 /* MyDictionary_App_Swift.xcdatamodeld in Sources */ = {isa = PBXBuildFile; fileRef = 228BC440264979FD0030FB30 /* MyDictionary_App_Swift.xcdatamodeld */; };
		228BC444264979FE0030FB30 /* Assets.xcassets in Resources */ = {isa = PBXBuildFile; fileRef = 228BC443264979FE0030FB30 /* Assets.xcassets */; };
		228BC447264979FE0030FB30 /* LaunchScreen.storyboard in Resources */ = {isa = PBXBuildFile; fileRef = 228BC445264979FE0030FB30 /* LaunchScreen.storyboard */; };
		228BC452264979FF0030FB30 /* MyDictionary_App_SwiftTests.swift in Sources */ = {isa = PBXBuildFile; fileRef = 228BC451264979FF0030FB30 /* MyDictionary_App_SwiftTests.swift */; };
		228BC45D264979FF0030FB30 /* MyDictionary_App_SwiftUITests.swift in Sources */ = {isa = PBXBuildFile; fileRef = 228BC45C264979FF0030FB30 /* MyDictionary_App_SwiftUITests.swift */; };
		22CA087D26515E810052D169 /* WordListViewController.swift in Sources */ = {isa = PBXBuildFile; fileRef = 22CA087C26515E810052D169 /* WordListViewController.swift */; };
		22CA087F26515ED90052D169 /* WordListInteractor.swift in Sources */ = {isa = PBXBuildFile; fileRef = 22CA087E26515ED90052D169 /* WordListInteractor.swift */; };
		22CA088126515EEB0052D169 /* WordListPresenter.swift in Sources */ = {isa = PBXBuildFile; fileRef = 22CA088026515EEB0052D169 /* WordListPresenter.swift */; };
		22CA088326515F020052D169 /* WordListRouter.swift in Sources */ = {isa = PBXBuildFile; fileRef = 22CA088226515F020052D169 /* WordListRouter.swift */; };
		22CA088526515F170052D169 /* WordListModule.swift in Sources */ = {isa = PBXBuildFile; fileRef = 22CA088426515F170052D169 /* WordListModule.swift */; };
		22CA088726515F6A0052D169 /* WordListDataManager.swift in Sources */ = {isa = PBXBuildFile; fileRef = 22CA088626515F6A0052D169 /* WordListDataManager.swift */; };
		22CA08892651603A0052D169 /* WordListDataProvider.swift in Sources */ = {isa = PBXBuildFile; fileRef = 22CA08882651603A0052D169 /* WordListDataProvider.swift */; };
		22CA088C265165460052D169 /* AppStyling.swift in Sources */ = {isa = PBXBuildFile; fileRef = 22CA088B265165460052D169 /* AppStyling.swift */; };
		22CA088E265167620052D169 /* ReloadDataProtocol.swift in Sources */ = {isa = PBXBuildFile; fileRef = 22CA088D265167620052D169 /* ReloadDataProtocol.swift */; };
		22CA089126516C810052D169 /* MainTabBarController.swift in Sources */ = {isa = PBXBuildFile; fileRef = 22CA089026516C810052D169 /* MainTabBarController.swift */; };
		22CA0894265170200052D169 /* MainTabBarItem.swift in Sources */ = {isa = PBXBuildFile; fileRef = 22CA0893265170200052D169 /* MainTabBarItem.swift */; };
		22CA0896265178DE0052D169 /* ScrollToTopProtocol.swift in Sources */ = {isa = PBXBuildFile; fileRef = 22CA0895265178DE0052D169 /* ScrollToTopProtocol.swift */; };
		22CA089826517A3B0052D169 /* NotificationName+Extension.swift in Sources */ = {isa = PBXBuildFile; fileRef = 22CA089726517A3B0052D169 /* NotificationName+Extension.swift */; };
		22EDBBB726515707009B8DA7 /* RootViewController.swift in Sources */ = {isa = PBXBuildFile; fileRef = 22EDBBB626515707009B8DA7 /* RootViewController.swift */; };
		22EDBBBA26515A12009B8DA7 /* RootWindow.swift in Sources */ = {isa = PBXBuildFile; fileRef = 22EDBBB926515A12009B8DA7 /* RootWindow.swift */; };
/* End PBXBuildFile section */

/* Begin PBXContainerItemProxy section */
		228BC44E264979FF0030FB30 /* PBXContainerItemProxy */ = {
			isa = PBXContainerItemProxy;
			containerPortal = 228BC42C264979FD0030FB30 /* Project object */;
			proxyType = 1;
			remoteGlobalIDString = 228BC433264979FD0030FB30;
			remoteInfo = MyDictionary_App_Swift;
		};
		228BC459264979FF0030FB30 /* PBXContainerItemProxy */ = {
			isa = PBXContainerItemProxy;
			containerPortal = 228BC42C264979FD0030FB30 /* Project object */;
			proxyType = 1;
			remoteGlobalIDString = 228BC433264979FD0030FB30;
			remoteInfo = MyDictionary_App_Swift;
		};
/* End PBXContainerItemProxy section */

/* Begin PBXFileReference section */
		2223F8A726512C1A004F2FE9 /* LocalizableProtocol.swift */ = {isa = PBXFileReference; lastKnownFileType = sourcecode.swift; path = LocalizableProtocol.swift; sourceTree = "<group>"; };
		2223F8AA26512C5A004F2FE9 /* String+Extension.swift */ = {isa = PBXFileReference; lastKnownFileType = sourcecode.swift; path = "String+Extension.swift"; sourceTree = "<group>"; };
		2223F8AD26512DEB004F2FE9 /* Constants.swift */ = {isa = PBXFileReference; lastKnownFileType = sourcecode.swift; path = Constants.swift; sourceTree = "<group>"; };
		2223F8B326512F01004F2FE9 /* KeysForTranslate.swift */ = {isa = PBXFileReference; lastKnownFileType = sourcecode.swift; path = KeysForTranslate.swift; sourceTree = "<group>"; };
		2223F8B626512F5B004F2FE9 /* AppLanguageType.swift */ = {isa = PBXFileReference; lastKnownFileType = sourcecode.swift; path = AppLanguageType.swift; sourceTree = "<group>"; };
		2223F8BA26512F8C004F2FE9 /* AppLanguageService.swift */ = {isa = PBXFileReference; lastKnownFileType = sourcecode.swift; path = AppLanguageService.swift; sourceTree = "<group>"; };
		2223F8BD26512FFD004F2FE9 /* en */ = {isa = PBXFileReference; lastKnownFileType = text.plist.strings; name = en; path = en.lproj/Localizable.strings; sourceTree = "<group>"; };
		228BC434264979FD0030FB30 /* MyDictionary_App_Swift.app */ = {isa = PBXFileReference; explicitFileType = wrapper.application; includeInIndex = 0; path = MyDictionary_App_Swift.app; sourceTree = BUILT_PRODUCTS_DIR; };
		228BC437264979FD0030FB30 /* AppDelegate.swift */ = {isa = PBXFileReference; lastKnownFileType = sourcecode.swift; path = AppDelegate.swift; sourceTree = "<group>"; };
		228BC441264979FD0030FB30 /* MyDictionary_App_Swift.xcdatamodel */ = {isa = PBXFileReference; lastKnownFileType = wrapper.xcdatamodel; path = MyDictionary_App_Swift.xcdatamodel; sourceTree = "<group>"; };
		228BC443264979FE0030FB30 /* Assets.xcassets */ = {isa = PBXFileReference; lastKnownFileType = folder.assetcatalog; path = Assets.xcassets; sourceTree = "<group>"; };
		228BC446264979FE0030FB30 /* Base */ = {isa = PBXFileReference; lastKnownFileType = file.storyboard; name = Base; path = Base.lproj/LaunchScreen.storyboard; sourceTree = "<group>"; };
		228BC448264979FE0030FB30 /* Info.plist */ = {isa = PBXFileReference; lastKnownFileType = text.plist.xml; path = Info.plist; sourceTree = "<group>"; };
		228BC44D264979FF0030FB30 /* MyDictionary_App_SwiftTests.xctest */ = {isa = PBXFileReference; explicitFileType = wrapper.cfbundle; includeInIndex = 0; path = MyDictionary_App_SwiftTests.xctest; sourceTree = BUILT_PRODUCTS_DIR; };
		228BC451264979FF0030FB30 /* MyDictionary_App_SwiftTests.swift */ = {isa = PBXFileReference; lastKnownFileType = sourcecode.swift; path = MyDictionary_App_SwiftTests.swift; sourceTree = "<group>"; };
		228BC453264979FF0030FB30 /* Info.plist */ = {isa = PBXFileReference; lastKnownFileType = text.plist.xml; path = Info.plist; sourceTree = "<group>"; };
		228BC458264979FF0030FB30 /* MyDictionary_App_SwiftUITests.xctest */ = {isa = PBXFileReference; explicitFileType = wrapper.cfbundle; includeInIndex = 0; path = MyDictionary_App_SwiftUITests.xctest; sourceTree = BUILT_PRODUCTS_DIR; };
		228BC45C264979FF0030FB30 /* MyDictionary_App_SwiftUITests.swift */ = {isa = PBXFileReference; lastKnownFileType = sourcecode.swift; path = MyDictionary_App_SwiftUITests.swift; sourceTree = "<group>"; };
		228BC45E264979FF0030FB30 /* Info.plist */ = {isa = PBXFileReference; lastKnownFileType = text.plist.xml; path = Info.plist; sourceTree = "<group>"; };
		22CA087C26515E810052D169 /* WordListViewController.swift */ = {isa = PBXFileReference; lastKnownFileType = sourcecode.swift; path = WordListViewController.swift; sourceTree = "<group>"; };
		22CA087E26515ED90052D169 /* WordListInteractor.swift */ = {isa = PBXFileReference; lastKnownFileType = sourcecode.swift; path = WordListInteractor.swift; sourceTree = "<group>"; };
		22CA088026515EEB0052D169 /* WordListPresenter.swift */ = {isa = PBXFileReference; lastKnownFileType = sourcecode.swift; path = WordListPresenter.swift; sourceTree = "<group>"; };
		22CA088226515F020052D169 /* WordListRouter.swift */ = {isa = PBXFileReference; lastKnownFileType = sourcecode.swift; path = WordListRouter.swift; sourceTree = "<group>"; };
		22CA088426515F170052D169 /* WordListModule.swift */ = {isa = PBXFileReference; lastKnownFileType = sourcecode.swift; path = WordListModule.swift; sourceTree = "<group>"; };
		22CA088626515F6A0052D169 /* WordListDataManager.swift */ = {isa = PBXFileReference; lastKnownFileType = sourcecode.swift; path = WordListDataManager.swift; sourceTree = "<group>"; };
		22CA08882651603A0052D169 /* WordListDataProvider.swift */ = {isa = PBXFileReference; lastKnownFileType = sourcecode.swift; path = WordListDataProvider.swift; sourceTree = "<group>"; };
		22CA088B265165460052D169 /* AppStyling.swift */ = {isa = PBXFileReference; lastKnownFileType = sourcecode.swift; path = AppStyling.swift; sourceTree = "<group>"; };
		22CA088D265167620052D169 /* ReloadDataProtocol.swift */ = {isa = PBXFileReference; lastKnownFileType = sourcecode.swift; path = ReloadDataProtocol.swift; sourceTree = "<group>"; };
		22CA089026516C810052D169 /* MainTabBarController.swift */ = {isa = PBXFileReference; lastKnownFileType = sourcecode.swift; path = MainTabBarController.swift; sourceTree = "<group>"; };
		22CA0893265170200052D169 /* MainTabBarItem.swift */ = {isa = PBXFileReference; lastKnownFileType = sourcecode.swift; path = MainTabBarItem.swift; sourceTree = "<group>"; };
		22CA0895265178DE0052D169 /* ScrollToTopProtocol.swift */ = {isa = PBXFileReference; lastKnownFileType = sourcecode.swift; path = ScrollToTopProtocol.swift; sourceTree = "<group>"; };
		22CA089726517A3B0052D169 /* NotificationName+Extension.swift */ = {isa = PBXFileReference; lastKnownFileType = sourcecode.swift; path = "NotificationName+Extension.swift"; sourceTree = "<group>"; };
		22EDBBB626515707009B8DA7 /* RootViewController.swift */ = {isa = PBXFileReference; lastKnownFileType = sourcecode.swift; path = RootViewController.swift; sourceTree = "<group>"; };
		22EDBBB926515A12009B8DA7 /* RootWindow.swift */ = {isa = PBXFileReference; lastKnownFileType = sourcecode.swift; path = RootWindow.swift; sourceTree = "<group>"; };
/* End PBXFileReference section */

/* Begin PBXFrameworksBuildPhase section */
		228BC431264979FD0030FB30 /* Frameworks */ = {
			isa = PBXFrameworksBuildPhase;
			buildActionMask = 2147483647;
			files = (
			);
			runOnlyForDeploymentPostprocessing = 0;
		};
		228BC44A264979FF0030FB30 /* Frameworks */ = {
			isa = PBXFrameworksBuildPhase;
			buildActionMask = 2147483647;
			files = (
			);
			runOnlyForDeploymentPostprocessing = 0;
		};
		228BC455264979FF0030FB30 /* Frameworks */ = {
			isa = PBXFrameworksBuildPhase;
			buildActionMask = 2147483647;
			files = (
			);
			runOnlyForDeploymentPostprocessing = 0;
		};
/* End PBXFrameworksBuildPhase section */

/* Begin PBXGroup section */
		2223F8A526512BE8004F2FE9 /* Utilites */ = {
			isa = PBXGroup;
			children = (
				22CA088A265165370052D169 /* AppStyling */,
				22EDBBB826515A0D009B8DA7 /* RootWindow */,
				22EDBBB5265156FB009B8DA7 /* RootViewController */,
				2223F8B526512F54004F2FE9 /* Enums */,
				2223F8B226512EF2004F2FE9 /* KeysForTranslate */,
				2223F8AF26512E7A004F2FE9 /* LocalizableStrings */,
				2223F8AC26512DE6004F2FE9 /* Constants */,
				2223F8A626512C0A004F2FE9 /* Protocols */,
			);
			path = Utilites;
			sourceTree = "<group>";
		};
		2223F8A626512C0A004F2FE9 /* Protocols */ = {
			isa = PBXGroup;
			children = (
				2223F8A726512C1A004F2FE9 /* LocalizableProtocol.swift */,
				22CA0895265178DE0052D169 /* ScrollToTopProtocol.swift */,
			);
			path = Protocols;
			sourceTree = "<group>";
		};
		2223F8A926512C48004F2FE9 /* Extensions */ = {
			isa = PBXGroup;
			children = (
				2223F8AA26512C5A004F2FE9 /* String+Extension.swift */,
				22CA089726517A3B0052D169 /* NotificationName+Extension.swift */,
			);
			path = Extensions;
			sourceTree = "<group>";
		};
		2223F8AC26512DE6004F2FE9 /* Constants */ = {
			isa = PBXGroup;
			children = (
				2223F8AD26512DEB004F2FE9 /* Constants.swift */,
			);
			path = Constants;
			sourceTree = "<group>";
		};
		2223F8AF26512E7A004F2FE9 /* LocalizableStrings */ = {
			isa = PBXGroup;
			children = (
				2223F8BE26512FFD004F2FE9 /* Localizable.strings */,
			);
			path = LocalizableStrings;
			sourceTree = "<group>";
		};
		2223F8B226512EF2004F2FE9 /* KeysForTranslate */ = {
			isa = PBXGroup;
			children = (
				2223F8B326512F01004F2FE9 /* KeysForTranslate.swift */,
			);
			path = KeysForTranslate;
			sourceTree = "<group>";
		};
		2223F8B526512F54004F2FE9 /* Enums */ = {
			isa = PBXGroup;
			children = (
				2223F8B626512F5B004F2FE9 /* AppLanguageType.swift */,
			);
			path = Enums;
			sourceTree = "<group>";
		};
		2223F8B826512F71004F2FE9 /* Services */ = {
			isa = PBXGroup;
			children = (
				2223F8B926512F87004F2FE9 /* AppLanguageService */,
			);
			path = Services;
			sourceTree = "<group>";
		};
		2223F8B926512F87004F2FE9 /* AppLanguageService */ = {
			isa = PBXGroup;
			children = (
				2223F8BA26512F8C004F2FE9 /* AppLanguageService.swift */,
			);
			path = AppLanguageService;
			sourceTree = "<group>";
		};
		228BC42B264979FD0030FB30 = {
			isa = PBXGroup;
			children = (
				228BC436264979FD0030FB30 /* MyDictionary_App_Swift */,
				228BC450264979FF0030FB30 /* MyDictionary_App_SwiftTests */,
				228BC45B264979FF0030FB30 /* MyDictionary_App_SwiftUITests */,
				228BC435264979FD0030FB30 /* Products */,
			);
			sourceTree = "<group>";
		};
		228BC435264979FD0030FB30 /* Products */ = {
			isa = PBXGroup;
			children = (
				228BC434264979FD0030FB30 /* MyDictionary_App_Swift.app */,
				228BC44D264979FF0030FB30 /* MyDictionary_App_SwiftTests.xctest */,
				228BC458264979FF0030FB30 /* MyDictionary_App_SwiftUITests.xctest */,
			);
			name = Products;
			sourceTree = "<group>";
		};
		228BC436264979FD0030FB30 /* MyDictionary_App_Swift */ = {
			isa = PBXGroup;
			children = (
				22CA088F26516C740052D169 /* MainTabBar */,
				22CA086F26515D240052D169 /* Modules */,
				2223F8B826512F71004F2FE9 /* Services */,
				2223F8A926512C48004F2FE9 /* Extensions */,
				2223F8A526512BE8004F2FE9 /* Utilites */,
				228BC46F26497B270030FB30 /* CoreData */,
				228BC46A26497AEC0030FB30 /* Resources */,
			);
			path = MyDictionary_App_Swift;
			sourceTree = "<group>";
		};
		228BC450264979FF0030FB30 /* MyDictionary_App_SwiftTests */ = {
			isa = PBXGroup;
			children = (
				228BC451264979FF0030FB30 /* MyDictionary_App_SwiftTests.swift */,
				228BC453264979FF0030FB30 /* Info.plist */,
			);
			path = MyDictionary_App_SwiftTests;
			sourceTree = "<group>";
		};
		228BC45B264979FF0030FB30 /* MyDictionary_App_SwiftUITests */ = {
			isa = PBXGroup;
			children = (
				228BC45C264979FF0030FB30 /* MyDictionary_App_SwiftUITests.swift */,
				228BC45E264979FF0030FB30 /* Info.plist */,
			);
			path = MyDictionary_App_SwiftUITests;
			sourceTree = "<group>";
		};
		228BC46A26497AEC0030FB30 /* Resources */ = {
			isa = PBXGroup;
			children = (
				228BC46E26497B120030FB30 /* InfoPlist */,
				228BC46D26497B080030FB30 /* LaunchScreen */,
				228BC46C26497AFE0030FB30 /* Assets */,
				228BC46B26497AF40030FB30 /* AppDelegate */,
			);
			path = Resources;
			sourceTree = "<group>";
		};
		228BC46B26497AF40030FB30 /* AppDelegate */ = {
			isa = PBXGroup;
			children = (
				228BC437264979FD0030FB30 /* AppDelegate.swift */,
			);
			path = AppDelegate;
			sourceTree = "<group>";
		};
		228BC46C26497AFE0030FB30 /* Assets */ = {
			isa = PBXGroup;
			children = (
				228BC443264979FE0030FB30 /* Assets.xcassets */,
			);
			path = Assets;
			sourceTree = "<group>";
		};
		228BC46D26497B080030FB30 /* LaunchScreen */ = {
			isa = PBXGroup;
			children = (
				228BC445264979FE0030FB30 /* LaunchScreen.storyboard */,
			);
			path = LaunchScreen;
			sourceTree = "<group>";
		};
		228BC46E26497B120030FB30 /* InfoPlist */ = {
			isa = PBXGroup;
			children = (
				228BC448264979FE0030FB30 /* Info.plist */,
			);
			path = InfoPlist;
			sourceTree = "<group>";
		};
		228BC46F26497B270030FB30 /* CoreData */ = {
			isa = PBXGroup;
			children = (
				228BC47026497B2D0030FB30 /* Model */,
			);
			path = CoreData;
			sourceTree = "<group>";
		};
		228BC47026497B2D0030FB30 /* Model */ = {
			isa = PBXGroup;
			children = (
				228BC440264979FD0030FB30 /* MyDictionary_App_Swift.xcdatamodeld */,
			);
			path = Model;
			sourceTree = "<group>";
		};
		22CA086F26515D240052D169 /* Modules */ = {
			isa = PBXGroup;
			children = (
				22CA087026515D280052D169 /* WordListModule */,
			);
			path = Modules;
			sourceTree = "<group>";
		};
		22CA087026515D280052D169 /* WordListModule */ = {
			isa = PBXGroup;
			children = (
				22CA087926515D9A0052D169 /* Protocols */,
				22CA087826515D960052D169 /* Models */,
				22CA087726515D840052D169 /* WordListLogic */,
				22CA087626515D800052D169 /* WordListRules */,
				22CA087526515D650052D169 /* WordListDataManager */,
				22CA087426515D590052D169 /* WordListDataProvider */,
				22CA088426515F170052D169 /* WordListModule.swift */,
				22CA088226515F020052D169 /* WordListRouter.swift */,
				22CA087E26515ED90052D169 /* WordListInteractor.swift */,
				22CA088026515EEB0052D169 /* WordListPresenter.swift */,
				22CA087C26515E810052D169 /* WordListViewController.swift */,
			);
			path = WordListModule;
			sourceTree = "<group>";
		};
		22CA087426515D590052D169 /* WordListDataProvider */ = {
			isa = PBXGroup;
			children = (
				22CA08882651603A0052D169 /* WordListDataProvider.swift */,
			);
			path = WordListDataProvider;
			sourceTree = "<group>";
		};
		22CA087526515D650052D169 /* WordListDataManager */ = {
			isa = PBXGroup;
			children = (
				22CA088626515F6A0052D169 /* WordListDataManager.swift */,
			);
			path = WordListDataManager;
			sourceTree = "<group>";
		};
		22CA087626515D800052D169 /* WordListRules */ = {
			isa = PBXGroup;
			children = (
			);
			path = WordListRules;
			sourceTree = "<group>";
		};
		22CA087726515D840052D169 /* WordListLogic */ = {
			isa = PBXGroup;
			children = (
			);
			path = WordListLogic;
			sourceTree = "<group>";
		};
		22CA087826515D960052D169 /* Models */ = {
			isa = PBXGroup;
			children = (
			);
			path = Models;
			sourceTree = "<group>";
		};
		22CA087926515D9A0052D169 /* Protocols */ = {
			isa = PBXGroup;
			children = (
				22CA088D265167620052D169 /* ReloadDataProtocol.swift */,
			);
			path = Protocols;
			sourceTree = "<group>";
		};
		22CA088A265165370052D169 /* AppStyling */ = {
			isa = PBXGroup;
			children = (
				22CA088B265165460052D169 /* AppStyling.swift */,
			);
			path = AppStyling;
			sourceTree = "<group>";
		};
		22CA088F26516C740052D169 /* MainTabBar */ = {
			isa = PBXGroup;
			children = (
				22CA08922651701B0052D169 /* Enum */,
				22CA089026516C810052D169 /* MainTabBarController.swift */,
			);
			path = MainTabBar;
			sourceTree = "<group>";
		};
		22CA08922651701B0052D169 /* Enum */ = {
			isa = PBXGroup;
			children = (
				22CA0893265170200052D169 /* MainTabBarItem.swift */,
			);
			path = Enum;
			sourceTree = "<group>";
		};
		22EDBBB5265156FB009B8DA7 /* RootViewController */ = {
			isa = PBXGroup;
			children = (
				22EDBBB626515707009B8DA7 /* RootViewController.swift */,
			);
			path = RootViewController;
			sourceTree = "<group>";
		};
		22EDBBB826515A0D009B8DA7 /* RootWindow */ = {
			isa = PBXGroup;
			children = (
				22EDBBB926515A12009B8DA7 /* RootWindow.swift */,
			);
			path = RootWindow;
			sourceTree = "<group>";
		};
/* End PBXGroup section */

/* Begin PBXNativeTarget section */
		228BC433264979FD0030FB30 /* MyDictionary_App_Swift */ = {
			isa = PBXNativeTarget;
			buildConfigurationList = 228BC461264979FF0030FB30 /* Build configuration list for PBXNativeTarget "MyDictionary_App_Swift" */;
			buildPhases = (
				228BC430264979FD0030FB30 /* Sources */,
				228BC431264979FD0030FB30 /* Frameworks */,
				228BC432264979FD0030FB30 /* Resources */,
			);
			buildRules = (
			);
			dependencies = (
			);
			name = MyDictionary_App_Swift;
			productName = MyDictionary_App_Swift;
			productReference = 228BC434264979FD0030FB30 /* MyDictionary_App_Swift.app */;
			productType = "com.apple.product-type.application";
		};
		228BC44C264979FF0030FB30 /* MyDictionary_App_SwiftTests */ = {
			isa = PBXNativeTarget;
			buildConfigurationList = 228BC464264979FF0030FB30 /* Build configuration list for PBXNativeTarget "MyDictionary_App_SwiftTests" */;
			buildPhases = (
				228BC449264979FF0030FB30 /* Sources */,
				228BC44A264979FF0030FB30 /* Frameworks */,
				228BC44B264979FF0030FB30 /* Resources */,
			);
			buildRules = (
			);
			dependencies = (
				228BC44F264979FF0030FB30 /* PBXTargetDependency */,
			);
			name = MyDictionary_App_SwiftTests;
			productName = MyDictionary_App_SwiftTests;
			productReference = 228BC44D264979FF0030FB30 /* MyDictionary_App_SwiftTests.xctest */;
			productType = "com.apple.product-type.bundle.unit-test";
		};
		228BC457264979FF0030FB30 /* MyDictionary_App_SwiftUITests */ = {
			isa = PBXNativeTarget;
			buildConfigurationList = 228BC467264979FF0030FB30 /* Build configuration list for PBXNativeTarget "MyDictionary_App_SwiftUITests" */;
			buildPhases = (
				228BC454264979FF0030FB30 /* Sources */,
				228BC455264979FF0030FB30 /* Frameworks */,
				228BC456264979FF0030FB30 /* Resources */,
			);
			buildRules = (
			);
			dependencies = (
				228BC45A264979FF0030FB30 /* PBXTargetDependency */,
			);
			name = MyDictionary_App_SwiftUITests;
			productName = MyDictionary_App_SwiftUITests;
			productReference = 228BC458264979FF0030FB30 /* MyDictionary_App_SwiftUITests.xctest */;
			productType = "com.apple.product-type.bundle.ui-testing";
		};
/* End PBXNativeTarget section */

/* Begin PBXProject section */
		228BC42C264979FD0030FB30 /* Project object */ = {
			isa = PBXProject;
			attributes = {
				LastSwiftUpdateCheck = 1250;
				LastUpgradeCheck = 1250;
				TargetAttributes = {
					228BC433264979FD0030FB30 = {
						CreatedOnToolsVersion = 12.5;
					};
					228BC44C264979FF0030FB30 = {
						CreatedOnToolsVersion = 12.5;
						TestTargetID = 228BC433264979FD0030FB30;
					};
					228BC457264979FF0030FB30 = {
						CreatedOnToolsVersion = 12.5;
						TestTargetID = 228BC433264979FD0030FB30;
					};
				};
			};
			buildConfigurationList = 228BC42F264979FD0030FB30 /* Build configuration list for PBXProject "MyDictionary_App_Swift" */;
			compatibilityVersion = "Xcode 9.3";
			developmentRegion = en;
			hasScannedForEncodings = 0;
			knownRegions = (
				en,
				Base,
			);
			mainGroup = 228BC42B264979FD0030FB30;
			productRefGroup = 228BC435264979FD0030FB30 /* Products */;
			projectDirPath = "";
			projectRoot = "";
			targets = (
				228BC433264979FD0030FB30 /* MyDictionary_App_Swift */,
				228BC44C264979FF0030FB30 /* MyDictionary_App_SwiftTests */,
				228BC457264979FF0030FB30 /* MyDictionary_App_SwiftUITests */,
			);
		};
/* End PBXProject section */

/* Begin PBXResourcesBuildPhase section */
		228BC432264979FD0030FB30 /* Resources */ = {
			isa = PBXResourcesBuildPhase;
			buildActionMask = 2147483647;
			files = (
				2223F8BC26512FFD004F2FE9 /* Localizable.strings in Resources */,
				228BC447264979FE0030FB30 /* LaunchScreen.storyboard in Resources */,
				228BC444264979FE0030FB30 /* Assets.xcassets in Resources */,
			);
			runOnlyForDeploymentPostprocessing = 0;
		};
		228BC44B264979FF0030FB30 /* Resources */ = {
			isa = PBXResourcesBuildPhase;
			buildActionMask = 2147483647;
			files = (
			);
			runOnlyForDeploymentPostprocessing = 0;
		};
		228BC456264979FF0030FB30 /* Resources */ = {
			isa = PBXResourcesBuildPhase;
			buildActionMask = 2147483647;
			files = (
			);
			runOnlyForDeploymentPostprocessing = 0;
		};
/* End PBXResourcesBuildPhase section */

/* Begin PBXSourcesBuildPhase section */
		228BC430264979FD0030FB30 /* Sources */ = {
			isa = PBXSourcesBuildPhase;
			buildActionMask = 2147483647;
			files = (
				22CA087D26515E810052D169 /* WordListViewController.swift in Sources */,
				22CA088726515F6A0052D169 /* WordListDataManager.swift in Sources */,
				22CA088526515F170052D169 /* WordListModule.swift in Sources */,
				22CA0896265178DE0052D169 /* ScrollToTopProtocol.swift in Sources */,
				22CA089826517A3B0052D169 /* NotificationName+Extension.swift in Sources */,
				2223F8B726512F5B004F2FE9 /* AppLanguageType.swift in Sources */,
				2223F8BB26512F8C004F2FE9 /* AppLanguageService.swift in Sources */,
				22CA0894265170200052D169 /* MainTabBarItem.swift in Sources */,
				22EDBBB726515707009B8DA7 /* RootViewController.swift in Sources */,
				22CA088326515F020052D169 /* WordListRouter.swift in Sources */,
				22EDBBBA26515A12009B8DA7 /* RootWindow.swift in Sources */,
				22CA089126516C810052D169 /* MainTabBarController.swift in Sources */,
				22CA088C265165460052D169 /* AppStyling.swift in Sources */,
				2223F8B426512F01004F2FE9 /* KeysForTranslate.swift in Sources */,
				2223F8AE26512DEB004F2FE9 /* Constants.swift in Sources */,
				22CA088126515EEB0052D169 /* WordListPresenter.swift in Sources */,
				2223F8AB26512C5A004F2FE9 /* String+Extension.swift in Sources */,
				228BC438264979FD0030FB30 /* AppDelegate.swift in Sources */,
				22CA088E265167620052D169 /* ReloadDataProtocol.swift in Sources */,
				228BC442264979FD0030FB30 /* MyDictionary_App_Swift.xcdatamodeld in Sources */,
				22CA08892651603A0052D169 /* WordListDataProvider.swift in Sources */,
				22CA087F26515ED90052D169 /* WordListInteractor.swift in Sources */,
				2223F8A826512C1A004F2FE9 /* LocalizableProtocol.swift in Sources */,
			);
			runOnlyForDeploymentPostprocessing = 0;
		};
		228BC449264979FF0030FB30 /* Sources */ = {
			isa = PBXSourcesBuildPhase;
			buildActionMask = 2147483647;
			files = (
				228BC452264979FF0030FB30 /* MyDictionary_App_SwiftTests.swift in Sources */,
			);
			runOnlyForDeploymentPostprocessing = 0;
		};
		228BC454264979FF0030FB30 /* Sources */ = {
			isa = PBXSourcesBuildPhase;
			buildActionMask = 2147483647;
			files = (
				228BC45D264979FF0030FB30 /* MyDictionary_App_SwiftUITests.swift in Sources */,
			);
			runOnlyForDeploymentPostprocessing = 0;
		};
/* End PBXSourcesBuildPhase section */

/* Begin PBXTargetDependency section */
		228BC44F264979FF0030FB30 /* PBXTargetDependency */ = {
			isa = PBXTargetDependency;
			target = 228BC433264979FD0030FB30 /* MyDictionary_App_Swift */;
			targetProxy = 228BC44E264979FF0030FB30 /* PBXContainerItemProxy */;
		};
		228BC45A264979FF0030FB30 /* PBXTargetDependency */ = {
			isa = PBXTargetDependency;
			target = 228BC433264979FD0030FB30 /* MyDictionary_App_Swift */;
			targetProxy = 228BC459264979FF0030FB30 /* PBXContainerItemProxy */;
		};
/* End PBXTargetDependency section */

/* Begin PBXVariantGroup section */
		2223F8BE26512FFD004F2FE9 /* Localizable.strings */ = {
			isa = PBXVariantGroup;
			children = (
				2223F8BD26512FFD004F2FE9 /* en */,
			);
			name = Localizable.strings;
			sourceTree = "<group>";
		};
		228BC445264979FE0030FB30 /* LaunchScreen.storyboard */ = {
			isa = PBXVariantGroup;
			children = (
				228BC446264979FE0030FB30 /* Base */,
			);
			name = LaunchScreen.storyboard;
			sourceTree = "<group>";
		};
/* End PBXVariantGroup section */

/* Begin XCBuildConfiguration section */
		228BC45F264979FF0030FB30 /* Debug */ = {
			isa = XCBuildConfiguration;
			buildSettings = {
				ALWAYS_SEARCH_USER_PATHS = NO;
				CLANG_ANALYZER_NONNULL = YES;
				CLANG_ANALYZER_NUMBER_OBJECT_CONVERSION = YES_AGGRESSIVE;
				CLANG_CXX_LANGUAGE_STANDARD = "gnu++14";
				CLANG_CXX_LIBRARY = "libc++";
				CLANG_ENABLE_MODULES = YES;
				CLANG_ENABLE_OBJC_ARC = YES;
				CLANG_ENABLE_OBJC_WEAK = YES;
				CLANG_WARN_BLOCK_CAPTURE_AUTORELEASING = YES;
				CLANG_WARN_BOOL_CONVERSION = YES;
				CLANG_WARN_COMMA = YES;
				CLANG_WARN_CONSTANT_CONVERSION = YES;
				CLANG_WARN_DEPRECATED_OBJC_IMPLEMENTATIONS = YES;
				CLANG_WARN_DIRECT_OBJC_ISA_USAGE = YES_ERROR;
				CLANG_WARN_DOCUMENTATION_COMMENTS = YES;
				CLANG_WARN_EMPTY_BODY = YES;
				CLANG_WARN_ENUM_CONVERSION = YES;
				CLANG_WARN_INFINITE_RECURSION = YES;
				CLANG_WARN_INT_CONVERSION = YES;
				CLANG_WARN_NON_LITERAL_NULL_CONVERSION = YES;
				CLANG_WARN_OBJC_IMPLICIT_RETAIN_SELF = YES;
				CLANG_WARN_OBJC_LITERAL_CONVERSION = YES;
				CLANG_WARN_OBJC_ROOT_CLASS = YES_ERROR;
				CLANG_WARN_QUOTED_INCLUDE_IN_FRAMEWORK_HEADER = YES;
				CLANG_WARN_RANGE_LOOP_ANALYSIS = YES;
				CLANG_WARN_STRICT_PROTOTYPES = YES;
				CLANG_WARN_SUSPICIOUS_MOVE = YES;
				CLANG_WARN_UNGUARDED_AVAILABILITY = YES_AGGRESSIVE;
				CLANG_WARN_UNREACHABLE_CODE = YES;
				CLANG_WARN__DUPLICATE_METHOD_MATCH = YES;
				COPY_PHASE_STRIP = NO;
				DEBUG_INFORMATION_FORMAT = dwarf;
				ENABLE_STRICT_OBJC_MSGSEND = YES;
				ENABLE_TESTABILITY = YES;
				GCC_C_LANGUAGE_STANDARD = gnu11;
				GCC_DYNAMIC_NO_PIC = NO;
				GCC_NO_COMMON_BLOCKS = YES;
				GCC_OPTIMIZATION_LEVEL = 0;
				GCC_PREPROCESSOR_DEFINITIONS = (
					"DEBUG=1",
					"$(inherited)",
				);
				GCC_WARN_64_TO_32_BIT_CONVERSION = YES;
				GCC_WARN_ABOUT_RETURN_TYPE = YES_ERROR;
				GCC_WARN_UNDECLARED_SELECTOR = YES;
				GCC_WARN_UNINITIALIZED_AUTOS = YES_AGGRESSIVE;
				GCC_WARN_UNUSED_FUNCTION = YES;
				GCC_WARN_UNUSED_VARIABLE = YES;
				IPHONEOS_DEPLOYMENT_TARGET = 14.5;
				MTL_ENABLE_DEBUG_INFO = INCLUDE_SOURCE;
				MTL_FAST_MATH = YES;
				ONLY_ACTIVE_ARCH = YES;
				SDKROOT = iphoneos;
				SWIFT_ACTIVE_COMPILATION_CONDITIONS = DEBUG;
				SWIFT_OPTIMIZATION_LEVEL = "-Onone";
			};
			name = Debug;
		};
		228BC460264979FF0030FB30 /* Release */ = {
			isa = XCBuildConfiguration;
			buildSettings = {
				ALWAYS_SEARCH_USER_PATHS = NO;
				CLANG_ANALYZER_NONNULL = YES;
				CLANG_ANALYZER_NUMBER_OBJECT_CONVERSION = YES_AGGRESSIVE;
				CLANG_CXX_LANGUAGE_STANDARD = "gnu++14";
				CLANG_CXX_LIBRARY = "libc++";
				CLANG_ENABLE_MODULES = YES;
				CLANG_ENABLE_OBJC_ARC = YES;
				CLANG_ENABLE_OBJC_WEAK = YES;
				CLANG_WARN_BLOCK_CAPTURE_AUTORELEASING = YES;
				CLANG_WARN_BOOL_CONVERSION = YES;
				CLANG_WARN_COMMA = YES;
				CLANG_WARN_CONSTANT_CONVERSION = YES;
				CLANG_WARN_DEPRECATED_OBJC_IMPLEMENTATIONS = YES;
				CLANG_WARN_DIRECT_OBJC_ISA_USAGE = YES_ERROR;
				CLANG_WARN_DOCUMENTATION_COMMENTS = YES;
				CLANG_WARN_EMPTY_BODY = YES;
				CLANG_WARN_ENUM_CONVERSION = YES;
				CLANG_WARN_INFINITE_RECURSION = YES;
				CLANG_WARN_INT_CONVERSION = YES;
				CLANG_WARN_NON_LITERAL_NULL_CONVERSION = YES;
				CLANG_WARN_OBJC_IMPLICIT_RETAIN_SELF = YES;
				CLANG_WARN_OBJC_LITERAL_CONVERSION = YES;
				CLANG_WARN_OBJC_ROOT_CLASS = YES_ERROR;
				CLANG_WARN_QUOTED_INCLUDE_IN_FRAMEWORK_HEADER = YES;
				CLANG_WARN_RANGE_LOOP_ANALYSIS = YES;
				CLANG_WARN_STRICT_PROTOTYPES = YES;
				CLANG_WARN_SUSPICIOUS_MOVE = YES;
				CLANG_WARN_UNGUARDED_AVAILABILITY = YES_AGGRESSIVE;
				CLANG_WARN_UNREACHABLE_CODE = YES;
				CLANG_WARN__DUPLICATE_METHOD_MATCH = YES;
				COPY_PHASE_STRIP = NO;
				DEBUG_INFORMATION_FORMAT = "dwarf-with-dsym";
				ENABLE_NS_ASSERTIONS = NO;
				ENABLE_STRICT_OBJC_MSGSEND = YES;
				GCC_C_LANGUAGE_STANDARD = gnu11;
				GCC_NO_COMMON_BLOCKS = YES;
				GCC_WARN_64_TO_32_BIT_CONVERSION = YES;
				GCC_WARN_ABOUT_RETURN_TYPE = YES_ERROR;
				GCC_WARN_UNDECLARED_SELECTOR = YES;
				GCC_WARN_UNINITIALIZED_AUTOS = YES_AGGRESSIVE;
				GCC_WARN_UNUSED_FUNCTION = YES;
				GCC_WARN_UNUSED_VARIABLE = YES;
				IPHONEOS_DEPLOYMENT_TARGET = 14.5;
				MTL_ENABLE_DEBUG_INFO = NO;
				MTL_FAST_MATH = YES;
				SDKROOT = iphoneos;
				SWIFT_COMPILATION_MODE = wholemodule;
				SWIFT_OPTIMIZATION_LEVEL = "-O";
				VALIDATE_PRODUCT = YES;
			};
			name = Release;
		};
		228BC462264979FF0030FB30 /* Debug */ = {
			isa = XCBuildConfiguration;
			buildSettings = {
				ASSETCATALOG_COMPILER_APPICON_NAME = AppIcon;
				ASSETCATALOG_COMPILER_GLOBAL_ACCENT_COLOR_NAME = AccentColor;
				CODE_SIGN_STYLE = Automatic;
				CURRENT_PROJECT_VERSION = 2;
				DEVELOPMENT_TEAM = CXRA2S6SCR;
				INFOPLIST_FILE = MyDictionary_App_Swift/Resources/InfoPlist/Info.plist;
				IPHONEOS_DEPLOYMENT_TARGET = 10.0;
				LD_RUNPATH_SEARCH_PATHS = (
					"$(inherited)",
					"@executable_path/Frameworks",
				);
				PRODUCT_BUNDLE_IDENTIFIER = "com.dcteam.MyDictionary-App-Swift";
				PRODUCT_NAME = "$(TARGET_NAME)";
				SWIFT_VERSION = 5.0;
				TARGETED_DEVICE_FAMILY = 1;
				VERSIONING_SYSTEM = "apple-generic";
			};
			name = Debug;
		};
		228BC463264979FF0030FB30 /* Release */ = {
			isa = XCBuildConfiguration;
			buildSettings = {
				ASSETCATALOG_COMPILER_APPICON_NAME = AppIcon;
				ASSETCATALOG_COMPILER_GLOBAL_ACCENT_COLOR_NAME = AccentColor;
				CODE_SIGN_STYLE = Automatic;
				CURRENT_PROJECT_VERSION = 2;
				DEVELOPMENT_TEAM = CXRA2S6SCR;
				INFOPLIST_FILE = MyDictionary_App_Swift/Resources/InfoPlist/Info.plist;
				IPHONEOS_DEPLOYMENT_TARGET = 10.0;
				LD_RUNPATH_SEARCH_PATHS = (
					"$(inherited)",
					"@executable_path/Frameworks",
				);
				PRODUCT_BUNDLE_IDENTIFIER = "com.dcteam.MyDictionary-App-Swift";
				PRODUCT_NAME = "$(TARGET_NAME)";
				SWIFT_VERSION = 5.0;
				TARGETED_DEVICE_FAMILY = 1;
				VERSIONING_SYSTEM = "apple-generic";
			};
			name = Release;
		};
		228BC465264979FF0030FB30 /* Debug */ = {
			isa = XCBuildConfiguration;
			buildSettings = {
				ALWAYS_EMBED_SWIFT_STANDARD_LIBRARIES = YES;
				BUNDLE_LOADER = "$(TEST_HOST)";
				CODE_SIGN_STYLE = Automatic;
				DEVELOPMENT_TEAM = CXRA2S6SCR;
				INFOPLIST_FILE = MyDictionary_App_SwiftTests/Info.plist;
				IPHONEOS_DEPLOYMENT_TARGET = 14.5;
				LD_RUNPATH_SEARCH_PATHS = (
					"$(inherited)",
					"@executable_path/Frameworks",
					"@loader_path/Frameworks",
				);
				PRODUCT_BUNDLE_IDENTIFIER = "com.dcteam.MyDictionary-App-SwiftTests";
				PRODUCT_NAME = "$(TARGET_NAME)";
				SWIFT_VERSION = 5.0;
				TARGETED_DEVICE_FAMILY = "1,2";
				TEST_HOST = "$(BUILT_PRODUCTS_DIR)/MyDictionary_App_Swift.app/MyDictionary_App_Swift";
			};
			name = Debug;
		};
		228BC466264979FF0030FB30 /* Release */ = {
			isa = XCBuildConfiguration;
			buildSettings = {
				ALWAYS_EMBED_SWIFT_STANDARD_LIBRARIES = YES;
				BUNDLE_LOADER = "$(TEST_HOST)";
				CODE_SIGN_STYLE = Automatic;
				DEVELOPMENT_TEAM = CXRA2S6SCR;
				INFOPLIST_FILE = MyDictionary_App_SwiftTests/Info.plist;
				IPHONEOS_DEPLOYMENT_TARGET = 14.5;
				LD_RUNPATH_SEARCH_PATHS = (
					"$(inherited)",
					"@executable_path/Frameworks",
					"@loader_path/Frameworks",
				);
				PRODUCT_BUNDLE_IDENTIFIER = "com.dcteam.MyDictionary-App-SwiftTests";
				PRODUCT_NAME = "$(TARGET_NAME)";
				SWIFT_VERSION = 5.0;
				TARGETED_DEVICE_FAMILY = "1,2";
				TEST_HOST = "$(BUILT_PRODUCTS_DIR)/MyDictionary_App_Swift.app/MyDictionary_App_Swift";
			};
			name = Release;
		};
		228BC468264979FF0030FB30 /* Debug */ = {
			isa = XCBuildConfiguration;
			buildSettings = {
				ALWAYS_EMBED_SWIFT_STANDARD_LIBRARIES = YES;
				CODE_SIGN_STYLE = Automatic;
				DEVELOPMENT_TEAM = CXRA2S6SCR;
				INFOPLIST_FILE = MyDictionary_App_SwiftUITests/Info.plist;
				LD_RUNPATH_SEARCH_PATHS = (
					"$(inherited)",
					"@executable_path/Frameworks",
					"@loader_path/Frameworks",
				);
				PRODUCT_BUNDLE_IDENTIFIER = "com.dcteam.MyDictionary-App-SwiftUITests";
				PRODUCT_NAME = "$(TARGET_NAME)";
				SWIFT_VERSION = 5.0;
				TARGETED_DEVICE_FAMILY = "1,2";
				TEST_TARGET_NAME = MyDictionary_App_Swift;
			};
			name = Debug;
		};
		228BC469264979FF0030FB30 /* Release */ = {
			isa = XCBuildConfiguration;
			buildSettings = {
				ALWAYS_EMBED_SWIFT_STANDARD_LIBRARIES = YES;
				CODE_SIGN_STYLE = Automatic;
				DEVELOPMENT_TEAM = CXRA2S6SCR;
				INFOPLIST_FILE = MyDictionary_App_SwiftUITests/Info.plist;
				LD_RUNPATH_SEARCH_PATHS = (
					"$(inherited)",
					"@executable_path/Frameworks",
					"@loader_path/Frameworks",
				);
				PRODUCT_BUNDLE_IDENTIFIER = "com.dcteam.MyDictionary-App-SwiftUITests";
				PRODUCT_NAME = "$(TARGET_NAME)";
				SWIFT_VERSION = 5.0;
				TARGETED_DEVICE_FAMILY = "1,2";
				TEST_TARGET_NAME = MyDictionary_App_Swift;
			};
			name = Release;
		};
/* End XCBuildConfiguration section */

/* Begin XCConfigurationList section */
		228BC42F264979FD0030FB30 /* Build configuration list for PBXProject "MyDictionary_App_Swift" */ = {
			isa = XCConfigurationList;
			buildConfigurations = (
				228BC45F264979FF0030FB30 /* Debug */,
				228BC460264979FF0030FB30 /* Release */,
			);
			defaultConfigurationIsVisible = 0;
			defaultConfigurationName = Release;
		};
		228BC461264979FF0030FB30 /* Build configuration list for PBXNativeTarget "MyDictionary_App_Swift" */ = {
			isa = XCConfigurationList;
			buildConfigurations = (
				228BC462264979FF0030FB30 /* Debug */,
				228BC463264979FF0030FB30 /* Release */,
			);
			defaultConfigurationIsVisible = 0;
			defaultConfigurationName = Release;
		};
		228BC464264979FF0030FB30 /* Build configuration list for PBXNativeTarget "MyDictionary_App_SwiftTests" */ = {
			isa = XCConfigurationList;
			buildConfigurations = (
				228BC465264979FF0030FB30 /* Debug */,
				228BC466264979FF0030FB30 /* Release */,
			);
			defaultConfigurationIsVisible = 0;
			defaultConfigurationName = Release;
		};
		228BC467264979FF0030FB30 /* Build configuration list for PBXNativeTarget "MyDictionary_App_SwiftUITests" */ = {
			isa = XCConfigurationList;
			buildConfigurations = (
				228BC468264979FF0030FB30 /* Debug */,
				228BC469264979FF0030FB30 /* Release */,
			);
			defaultConfigurationIsVisible = 0;
			defaultConfigurationName = Release;
		};
/* End XCConfigurationList section */

/* Begin XCVersionGroup section */
		228BC440264979FD0030FB30 /* MyDictionary_App_Swift.xcdatamodeld */ = {
			isa = XCVersionGroup;
			children = (
				228BC441264979FD0030FB30 /* MyDictionary_App_Swift.xcdatamodel */,
			);
			currentVersion = 228BC441264979FD0030FB30 /* MyDictionary_App_Swift.xcdatamodel */;
			path = MyDictionary_App_Swift.xcdatamodeld;
			sourceTree = "<group>";
			versionGroupType = wrapper.xcdatamodel;
		};
/* End XCVersionGroup section */
	};
	rootObject = 228BC42C264979FD0030FB30 /* Project object */;
}
