// !$*UTF8*$!
{
	archiveVersion = 1;
	classes = {
	};
	objectVersion = 50;
	objects = {

/* Begin PBXBuildFile section */
		228BC438264979FD0030FB30 /* AppDelegate.swift in Sources */ = {isa = PBXBuildFile; fileRef = 228BC437264979FD0030FB30 /* AppDelegate.swift */; };
		228BC442264979FD0030FB30 /* MyDictionary_App_Swift.xcdatamodeld in Sources */ = {isa = PBXBuildFile; fileRef = 228BC440264979FD0030FB30 /* MyDictionary_App_Swift.xcdatamodeld */; };
		228BC444264979FE0030FB30 /* Assets.xcassets in Resources */ = {isa = PBXBuildFile; fileRef = 228BC443264979FE0030FB30 /* Assets.xcassets */; };
		228BC447264979FE0030FB30 /* LaunchScreen.storyboard in Resources */ = {isa = PBXBuildFile; fileRef = 228BC445264979FE0030FB30 /* LaunchScreen.storyboard */; };
		228BC452264979FF0030FB30 /* MyDictionary_App_SwiftTests.swift in Sources */ = {isa = PBXBuildFile; fileRef = 228BC451264979FF0030FB30 /* MyDictionary_App_SwiftTests.swift */; };
		228BC45D264979FF0030FB30 /* MyDictionary_App_SwiftUITests.swift in Sources */ = {isa = PBXBuildFile; fileRef = 228BC45C264979FF0030FB30 /* MyDictionary_App_SwiftUITests.swift */; };
/* End PBXBuildFile section */

/* Begin PBXContainerItemProxy section */
		228BC44E264979FF0030FB30 /* PBXContainerItemProxy */ = {
			isa = PBXContainerItemProxy;
			containerPortal = 228BC42C264979FD0030FB30 /* Project object */;
			proxyType = 1;
			remoteGlobalIDString = 228BC433264979FD0030FB30;
			remoteInfo = MyDictionary_App_Swift;
		};
		228BC459264979FF0030FB30 /* PBXContainerItemProxy */ = {
			isa = PBXContainerItemProxy;
			containerPortal = 228BC42C264979FD0030FB30 /* Project object */;
			proxyType = 1;
			remoteGlobalIDString = 228BC433264979FD0030FB30;
			remoteInfo = MyDictionary_App_Swift;
		};
/* End PBXContainerItemProxy section */

/* Begin PBXFileReference section */
		228BC434264979FD0030FB30 /* MyDictionary_App_Swift.app */ = {isa = PBXFileReference; explicitFileType = wrapper.application; includeInIndex = 0; path = MyDictionary_App_Swift.app; sourceTree = BUILT_PRODUCTS_DIR; };
		228BC437264979FD0030FB30 /* AppDelegate.swift */ = {isa = PBXFileReference; lastKnownFileType = sourcecode.swift; path = AppDelegate.swift; sourceTree = "<group>"; };
		228BC441264979FD0030FB30 /* MyDictionary_App_Swift.xcdatamodel */ = {isa = PBXFileReference; lastKnownFileType = wrapper.xcdatamodel; path = MyDictionary_App_Swift.xcdatamodel; sourceTree = "<group>"; };
		228BC443264979FE0030FB30 /* Assets.xcassets */ = {isa = PBXFileReference; lastKnownFileType = folder.assetcatalog; path = Assets.xcassets; sourceTree = "<group>"; };
		228BC446264979FE0030FB30 /* Base */ = {isa = PBXFileReference; lastKnownFileType = file.storyboard; name = Base; path = Base.lproj/LaunchScreen.storyboard; sourceTree = "<group>"; };
		228BC448264979FE0030FB30 /* Info.plist */ = {isa = PBXFileReference; lastKnownFileType = text.plist.xml; path = Info.plist; sourceTree = "<group>"; };
		228BC44D264979FF0030FB30 /* MyDictionary_App_SwiftTests.xctest */ = {isa = PBXFileReference; explicitFileType = wrapper.cfbundle; includeInIndex = 0; path = MyDictionary_App_SwiftTests.xctest; sourceTree = BUILT_PRODUCTS_DIR; };
		228BC451264979FF0030FB30 /* MyDictionary_App_SwiftTests.swift */ = {isa = PBXFileReference; lastKnownFileType = sourcecode.swift; path = MyDictionary_App_SwiftTests.swift; sourceTree = "<group>"; };
		228BC453264979FF0030FB30 /* Info.plist */ = {isa = PBXFileReference; lastKnownFileType = text.plist.xml; path = Info.plist; sourceTree = "<group>"; };
		228BC458264979FF0030FB30 /* MyDictionary_App_SwiftUITests.xctest */ = {isa = PBXFileReference; explicitFileType = wrapper.cfbundle; includeInIndex = 0; path = MyDictionary_App_SwiftUITests.xctest; sourceTree = BUILT_PRODUCTS_DIR; };
		228BC45C264979FF0030FB30 /* MyDictionary_App_SwiftUITests.swift */ = {isa = PBXFileReference; lastKnownFileType = sourcecode.swift; path = MyDictionary_App_SwiftUITests.swift; sourceTree = "<group>"; };
		228BC45E264979FF0030FB30 /* Info.plist */ = {isa = PBXFileReference; lastKnownFileType = text.plist.xml; path = Info.plist; sourceTree = "<group>"; };
/* End PBXFileReference section */

/* Begin PBXFrameworksBuildPhase section */
		228BC431264979FD0030FB30 /* Frameworks */ = {
			isa = PBXFrameworksBuildPhase;
			buildActionMask = 2147483647;
			files = (
			);
			runOnlyForDeploymentPostprocessing = 0;
		};
		228BC44A264979FF0030FB30 /* Frameworks */ = {
			isa = PBXFrameworksBuildPhase;
			buildActionMask = 2147483647;
			files = (
			);
			runOnlyForDeploymentPostprocessing = 0;
		};
		228BC455264979FF0030FB30 /* Frameworks */ = {
			isa = PBXFrameworksBuildPhase;
			buildActionMask = 2147483647;
			files = (
			);
			runOnlyForDeploymentPostprocessing = 0;
		};
/* End PBXFrameworksBuildPhase section */

/* Begin PBXGroup section */
		228BC42B264979FD0030FB30 = {
			isa = PBXGroup;
			children = (
				228BC436264979FD0030FB30 /* MyDictionary_App_Swift */,
				228BC450264979FF0030FB30 /* MyDictionary_App_SwiftTests */,
				228BC45B264979FF0030FB30 /* MyDictionary_App_SwiftUITests */,
				228BC435264979FD0030FB30 /* Products */,
			);
			sourceTree = "<group>";
		};
		228BC435264979FD0030FB30 /* Products */ = {
			isa = PBXGroup;
			children = (
				228BC434264979FD0030FB30 /* MyDictionary_App_Swift.app */,
				228BC44D264979FF0030FB30 /* MyDictionary_App_SwiftTests.xctest */,
				228BC458264979FF0030FB30 /* MyDictionary_App_SwiftUITests.xctest */,
			);
			name = Products;
			sourceTree = "<group>";
		};
		228BC436264979FD0030FB30 /* MyDictionary_App_Swift */ = {
			isa = PBXGroup;
			children = (
				228BC46F26497B270030FB30 /* CoreData */,
				228BC46A26497AEC0030FB30 /* Resources */,
			);
			path = MyDictionary_App_Swift;
			sourceTree = "<group>";
		};
		228BC450264979FF0030FB30 /* MyDictionary_App_SwiftTests */ = {
			isa = PBXGroup;
			children = (
				228BC451264979FF0030FB30 /* MyDictionary_App_SwiftTests.swift */,
				228BC453264979FF0030FB30 /* Info.plist */,
			);
			path = MyDictionary_App_SwiftTests;
			sourceTree = "<group>";
		};
		228BC45B264979FF0030FB30 /* MyDictionary_App_SwiftUITests */ = {
			isa = PBXGroup;
			children = (
				228BC45C264979FF0030FB30 /* MyDictionary_App_SwiftUITests.swift */,
				228BC45E264979FF0030FB30 /* Info.plist */,
			);
			path = MyDictionary_App_SwiftUITests;
			sourceTree = "<group>";
		};
		228BC46A26497AEC0030FB30 /* Resources */ = {
			isa = PBXGroup;
			children = (
				228BC46E26497B120030FB30 /* InfoPlist */,
				228BC46D26497B080030FB30 /* LaunchScreen */,
				228BC46C26497AFE0030FB30 /* Assets */,
				228BC46B26497AF40030FB30 /* AppDelegate */,
			);
			path = Resources;
			sourceTree = "<group>";
		};
		228BC46B26497AF40030FB30 /* AppDelegate */ = {
			isa = PBXGroup;
			children = (
				228BC437264979FD0030FB30 /* AppDelegate.swift */,
			);
			path = AppDelegate;
			sourceTree = "<group>";
		};
		228BC46C26497AFE0030FB30 /* Assets */ = {
			isa = PBXGroup;
			children = (
				228BC443264979FE0030FB30 /* Assets.xcassets */,
			);
			path = Assets;
			sourceTree = "<group>";
		};
		228BC46D26497B080030FB30 /* LaunchScreen */ = {
			isa = PBXGroup;
			children = (
				228BC445264979FE0030FB30 /* LaunchScreen.storyboard */,
			);
			path = LaunchScreen;
			sourceTree = "<group>";
		};
		228BC46E26497B120030FB30 /* InfoPlist */ = {
			isa = PBXGroup;
			children = (
				228BC448264979FE0030FB30 /* Info.plist */,
			);
			path = InfoPlist;
			sourceTree = "<group>";
		};
		228BC46F26497B270030FB30 /* CoreData */ = {
			isa = PBXGroup;
			children = (
				228BC47026497B2D0030FB30 /* Model */,
			);
			path = CoreData;
			sourceTree = "<group>";
		};
		228BC47026497B2D0030FB30 /* Model */ = {
			isa = PBXGroup;
			children = (
				228BC440264979FD0030FB30 /* MyDictionary_App_Swift.xcdatamodeld */,
			);
			path = Model;
			sourceTree = "<group>";
		};
/* End PBXGroup section */

/* Begin PBXNativeTarget section */
		228BC433264979FD0030FB30 /* MyDictionary_App_Swift */ = {
			isa = PBXNativeTarget;
			buildConfigurationList = 228BC461264979FF0030FB30 /* Build configuration list for PBXNativeTarget "MyDictionary_App_Swift" */;
			buildPhases = (
				228BC430264979FD0030FB30 /* Sources */,
				228BC431264979FD0030FB30 /* Frameworks */,
				228BC432264979FD0030FB30 /* Resources */,
			);
			buildRules = (
			);
			dependencies = (
			);
			name = MyDictionary_App_Swift;
			productName = MyDictionary_App_Swift;
			productReference = 228BC434264979FD0030FB30 /* MyDictionary_App_Swift.app */;
			productType = "com.apple.product-type.application";
		};
		228BC44C264979FF0030FB30 /* MyDictionary_App_SwiftTests */ = {
			isa = PBXNativeTarget;
			buildConfigurationList = 228BC464264979FF0030FB30 /* Build configuration list for PBXNativeTarget "MyDictionary_App_SwiftTests" */;
			buildPhases = (
				228BC449264979FF0030FB30 /* Sources */,
				228BC44A264979FF0030FB30 /* Frameworks */,
				228BC44B264979FF0030FB30 /* Resources */,
			);
			buildRules = (
			);
			dependencies = (
				228BC44F264979FF0030FB30 /* PBXTargetDependency */,
			);
			name = MyDictionary_App_SwiftTests;
			productName = MyDictionary_App_SwiftTests;
			productReference = 228BC44D264979FF0030FB30 /* MyDictionary_App_SwiftTests.xctest */;
			productType = "com.apple.product-type.bundle.unit-test";
		};
		228BC457264979FF0030FB30 /* MyDictionary_App_SwiftUITests */ = {
			isa = PBXNativeTarget;
			buildConfigurationList = 228BC467264979FF0030FB30 /* Build configuration list for PBXNativeTarget "MyDictionary_App_SwiftUITests" */;
			buildPhases = (
				228BC454264979FF0030FB30 /* Sources */,
				228BC455264979FF0030FB30 /* Frameworks */,
				228BC456264979FF0030FB30 /* Resources */,
			);
			buildRules = (
			);
			dependencies = (
				228BC45A264979FF0030FB30 /* PBXTargetDependency */,
			);
			name = MyDictionary_App_SwiftUITests;
			productName = MyDictionary_App_SwiftUITests;
			productReference = 228BC458264979FF0030FB30 /* MyDictionary_App_SwiftUITests.xctest */;
			productType = "com.apple.product-type.bundle.ui-testing";
		};
/* End PBXNativeTarget section */

/* Begin PBXProject section */
		228BC42C264979FD0030FB30 /* Project object */ = {
			isa = PBXProject;
			attributes = {
				LastSwiftUpdateCheck = 1250;
				LastUpgradeCheck = 1250;
				TargetAttributes = {
					228BC433264979FD0030FB30 = {
						CreatedOnToolsVersion = 12.5;
					};
					228BC44C264979FF0030FB30 = {
						CreatedOnToolsVersion = 12.5;
						TestTargetID = 228BC433264979FD0030FB30;
					};
					228BC457264979FF0030FB30 = {
						CreatedOnToolsVersion = 12.5;
						TestTargetID = 228BC433264979FD0030FB30;
					};
				};
			};
			buildConfigurationList = 228BC42F264979FD0030FB30 /* Build configuration list for PBXProject "MyDictionary_App_Swift" */;
			compatibilityVersion = "Xcode 9.3";
			developmentRegion = en;
			hasScannedForEncodings = 0;
			knownRegions = (
				en,
				Base,
			);
			mainGroup = 228BC42B264979FD0030FB30;
			productRefGroup = 228BC435264979FD0030FB30 /* Products */;
			projectDirPath = "";
			projectRoot = "";
			targets = (
				228BC433264979FD0030FB30 /* MyDictionary_App_Swift */,
				228BC44C264979FF0030FB30 /* MyDictionary_App_SwiftTests */,
				228BC457264979FF0030FB30 /* MyDictionary_App_SwiftUITests */,
			);
		};
/* End PBXProject section */

/* Begin PBXResourcesBuildPhase section */
		228BC432264979FD0030FB30 /* Resources */ = {
			isa = PBXResourcesBuildPhase;
			buildActionMask = 2147483647;
			files = (
				228BC447264979FE0030FB30 /* LaunchScreen.storyboard in Resources */,
				228BC444264979FE0030FB30 /* Assets.xcassets in Resources */,
			);
			runOnlyForDeploymentPostprocessing = 0;
		};
		228BC44B264979FF0030FB30 /* Resources */ = {
			isa = PBXResourcesBuildPhase;
			buildActionMask = 2147483647;
			files = (
			);
			runOnlyForDeploymentPostprocessing = 0;
		};
		228BC456264979FF0030FB30 /* Resources */ = {
			isa = PBXResourcesBuildPhase;
			buildActionMask = 2147483647;
			files = (
			);
			runOnlyForDeploymentPostprocessing = 0;
		};
/* End PBXResourcesBuildPhase section */

/* Begin PBXSourcesBuildPhase section */
		228BC430264979FD0030FB30 /* Sources */ = {
			isa = PBXSourcesBuildPhase;
			buildActionMask = 2147483647;
			files = (
				228BC438264979FD0030FB30 /* AppDelegate.swift in Sources */,
				228BC442264979FD0030FB30 /* MyDictionary_App_Swift.xcdatamodeld in Sources */,
			);
			runOnlyForDeploymentPostprocessing = 0;
		};
		228BC449264979FF0030FB30 /* Sources */ = {
			isa = PBXSourcesBuildPhase;
			buildActionMask = 2147483647;
			files = (
				228BC452264979FF0030FB30 /* MyDictionary_App_SwiftTests.swift in Sources */,
			);
			runOnlyForDeploymentPostprocessing = 0;
		};
		228BC454264979FF0030FB30 /* Sources */ = {
			isa = PBXSourcesBuildPhase;
			buildActionMask = 2147483647;
			files = (
				228BC45D264979FF0030FB30 /* MyDictionary_App_SwiftUITests.swift in Sources */,
			);
			runOnlyForDeploymentPostprocessing = 0;
		};
/* End PBXSourcesBuildPhase section */

/* Begin PBXTargetDependency section */
		228BC44F264979FF0030FB30 /* PBXTargetDependency */ = {
			isa = PBXTargetDependency;
			target = 228BC433264979FD0030FB30 /* MyDictionary_App_Swift */;
			targetProxy = 228BC44E264979FF0030FB30 /* PBXContainerItemProxy */;
		};
		228BC45A264979FF0030FB30 /* PBXTargetDependency */ = {
			isa = PBXTargetDependency;
			target = 228BC433264979FD0030FB30 /* MyDictionary_App_Swift */;
			targetProxy = 228BC459264979FF0030FB30 /* PBXContainerItemProxy */;
		};
/* End PBXTargetDependency section */

/* Begin PBXVariantGroup section */
		228BC445264979FE0030FB30 /* LaunchScreen.storyboard */ = {
			isa = PBXVariantGroup;
			children = (
				228BC446264979FE0030FB30 /* Base */,
			);
			name = LaunchScreen.storyboard;
			sourceTree = "<group>";
		};
/* End PBXVariantGroup section */

/* Begin XCBuildConfiguration section */
		228BC45F264979FF0030FB30 /* Debug */ = {
			isa = XCBuildConfiguration;
			buildSettings = {
				ALWAYS_SEARCH_USER_PATHS = NO;
				CLANG_ANALYZER_NONNULL = YES;
				CLANG_ANALYZER_NUMBER_OBJECT_CONVERSION = YES_AGGRESSIVE;
				CLANG_CXX_LANGUAGE_STANDARD = "gnu++14";
				CLANG_CXX_LIBRARY = "libc++";
				CLANG_ENABLE_MODULES = YES;
				CLANG_ENABLE_OBJC_ARC = YES;
				CLANG_ENABLE_OBJC_WEAK = YES;
				CLANG_WARN_BLOCK_CAPTURE_AUTORELEASING = YES;
				CLANG_WARN_BOOL_CONVERSION = YES;
				CLANG_WARN_COMMA = YES;
				CLANG_WARN_CONSTANT_CONVERSION = YES;
				CLANG_WARN_DEPRECATED_OBJC_IMPLEMENTATIONS = YES;
				CLANG_WARN_DIRECT_OBJC_ISA_USAGE = YES_ERROR;
				CLANG_WARN_DOCUMENTATION_COMMENTS = YES;
				CLANG_WARN_EMPTY_BODY = YES;
				CLANG_WARN_ENUM_CONVERSION = YES;
				CLANG_WARN_INFINITE_RECURSION = YES;
				CLANG_WARN_INT_CONVERSION = YES;
				CLANG_WARN_NON_LITERAL_NULL_CONVERSION = YES;
				CLANG_WARN_OBJC_IMPLICIT_RETAIN_SELF = YES;
				CLANG_WARN_OBJC_LITERAL_CONVERSION = YES;
				CLANG_WARN_OBJC_ROOT_CLASS = YES_ERROR;
				CLANG_WARN_QUOTED_INCLUDE_IN_FRAMEWORK_HEADER = YES;
				CLANG_WARN_RANGE_LOOP_ANALYSIS = YES;
				CLANG_WARN_STRICT_PROTOTYPES = YES;
				CLANG_WARN_SUSPICIOUS_MOVE = YES;
				CLANG_WARN_UNGUARDED_AVAILABILITY = YES_AGGRESSIVE;
				CLANG_WARN_UNREACHABLE_CODE = YES;
				CLANG_WARN__DUPLICATE_METHOD_MATCH = YES;
				COPY_PHASE_STRIP = NO;
				DEBUG_INFORMATION_FORMAT = dwarf;
				ENABLE_STRICT_OBJC_MSGSEND = YES;
				ENABLE_TESTABILITY = YES;
				GCC_C_LANGUAGE_STANDARD = gnu11;
				GCC_DYNAMIC_NO_PIC = NO;
				GCC_NO_COMMON_BLOCKS = YES;
				GCC_OPTIMIZATION_LEVEL = 0;
				GCC_PREPROCESSOR_DEFINITIONS = (
					"DEBUG=1",
					"$(inherited)",
				);
				GCC_WARN_64_TO_32_BIT_CONVERSION = YES;
				GCC_WARN_ABOUT_RETURN_TYPE = YES_ERROR;
				GCC_WARN_UNDECLARED_SELECTOR = YES;
				GCC_WARN_UNINITIALIZED_AUTOS = YES_AGGRESSIVE;
				GCC_WARN_UNUSED_FUNCTION = YES;
				GCC_WARN_UNUSED_VARIABLE = YES;
				IPHONEOS_DEPLOYMENT_TARGET = 14.5;
				MTL_ENABLE_DEBUG_INFO = INCLUDE_SOURCE;
				MTL_FAST_MATH = YES;
				ONLY_ACTIVE_ARCH = YES;
				SDKROOT = iphoneos;
				SWIFT_ACTIVE_COMPILATION_CONDITIONS = DEBUG;
				SWIFT_OPTIMIZATION_LEVEL = "-Onone";
			};
			name = Debug;
		};
		228BC460264979FF0030FB30 /* Release */ = {
			isa = XCBuildConfiguration;
			buildSettings = {
				ALWAYS_SEARCH_USER_PATHS = NO;
				CLANG_ANALYZER_NONNULL = YES;
				CLANG_ANALYZER_NUMBER_OBJECT_CONVERSION = YES_AGGRESSIVE;
				CLANG_CXX_LANGUAGE_STANDARD = "gnu++14";
				CLANG_CXX_LIBRARY = "libc++";
				CLANG_ENABLE_MODULES = YES;
				CLANG_ENABLE_OBJC_ARC = YES;
				CLANG_ENABLE_OBJC_WEAK = YES;
				CLANG_WARN_BLOCK_CAPTURE_AUTORELEASING = YES;
				CLANG_WARN_BOOL_CONVERSION = YES;
				CLANG_WARN_COMMA = YES;
				CLANG_WARN_CONSTANT_CONVERSION = YES;
				CLANG_WARN_DEPRECATED_OBJC_IMPLEMENTATIONS = YES;
				CLANG_WARN_DIRECT_OBJC_ISA_USAGE = YES_ERROR;
				CLANG_WARN_DOCUMENTATION_COMMENTS = YES;
				CLANG_WARN_EMPTY_BODY = YES;
				CLANG_WARN_ENUM_CONVERSION = YES;
				CLANG_WARN_INFINITE_RECURSION = YES;
				CLANG_WARN_INT_CONVERSION = YES;
				CLANG_WARN_NON_LITERAL_NULL_CONVERSION = YES;
				CLANG_WARN_OBJC_IMPLICIT_RETAIN_SELF = YES;
				CLANG_WARN_OBJC_LITERAL_CONVERSION = YES;
				CLANG_WARN_OBJC_ROOT_CLASS = YES_ERROR;
				CLANG_WARN_QUOTED_INCLUDE_IN_FRAMEWORK_HEADER = YES;
				CLANG_WARN_RANGE_LOOP_ANALYSIS = YES;
				CLANG_WARN_STRICT_PROTOTYPES = YES;
				CLANG_WARN_SUSPICIOUS_MOVE = YES;
				CLANG_WARN_UNGUARDED_AVAILABILITY = YES_AGGRESSIVE;
				CLANG_WARN_UNREACHABLE_CODE = YES;
				CLANG_WARN__DUPLICATE_METHOD_MATCH = YES;
				COPY_PHASE_STRIP = NO;
				DEBUG_INFORMATION_FORMAT = "dwarf-with-dsym";
				ENABLE_NS_ASSERTIONS = NO;
				ENABLE_STRICT_OBJC_MSGSEND = YES;
				GCC_C_LANGUAGE_STANDARD = gnu11;
				GCC_NO_COMMON_BLOCKS = YES;
				GCC_WARN_64_TO_32_BIT_CONVERSION = YES;
				GCC_WARN_ABOUT_RETURN_TYPE = YES_ERROR;
				GCC_WARN_UNDECLARED_SELECTOR = YES;
				GCC_WARN_UNINITIALIZED_AUTOS = YES_AGGRESSIVE;
				GCC_WARN_UNUSED_FUNCTION = YES;
				GCC_WARN_UNUSED_VARIABLE = YES;
				IPHONEOS_DEPLOYMENT_TARGET = 14.5;
				MTL_ENABLE_DEBUG_INFO = NO;
				MTL_FAST_MATH = YES;
				SDKROOT = iphoneos;
				SWIFT_COMPILATION_MODE = wholemodule;
				SWIFT_OPTIMIZATION_LEVEL = "-O";
				VALIDATE_PRODUCT = YES;
			};
			name = Release;
		};
		228BC462264979FF0030FB30 /* Debug */ = {
			isa = XCBuildConfiguration;
			buildSettings = {
				ASSETCATALOG_COMPILER_APPICON_NAME = AppIcon;
				ASSETCATALOG_COMPILER_GLOBAL_ACCENT_COLOR_NAME = AccentColor;
				CODE_SIGN_STYLE = Automatic;
				DEVELOPMENT_TEAM = CXRA2S6SCR;
				INFOPLIST_FILE = MyDictionary_App_Swift/Resources/InfoPlist/Info.plist;
				IPHONEOS_DEPLOYMENT_TARGET = 10.0;
				LD_RUNPATH_SEARCH_PATHS = (
					"$(inherited)",
					"@executable_path/Frameworks",
				);
				PRODUCT_BUNDLE_IDENTIFIER = "com.dcteam.MyDictionary-App-Swift";
				PRODUCT_NAME = "$(TARGET_NAME)";
				SWIFT_VERSION = 5.0;
				TARGETED_DEVICE_FAMILY = 1;
			};
			name = Debug;
		};
		228BC463264979FF0030FB30 /* Release */ = {
			isa = XCBuildConfiguration;
			buildSettings = {
				ASSETCATALOG_COMPILER_APPICON_NAME = AppIcon;
				ASSETCATALOG_COMPILER_GLOBAL_ACCENT_COLOR_NAME = AccentColor;
				CODE_SIGN_STYLE = Automatic;
				DEVELOPMENT_TEAM = CXRA2S6SCR;
				INFOPLIST_FILE = MyDictionary_App_Swift/Resources/InfoPlist/Info.plist;
				IPHONEOS_DEPLOYMENT_TARGET = 10.0;
				LD_RUNPATH_SEARCH_PATHS = (
					"$(inherited)",
					"@executable_path/Frameworks",
				);
				PRODUCT_BUNDLE_IDENTIFIER = "com.dcteam.MyDictionary-App-Swift";
				PRODUCT_NAME = "$(TARGET_NAME)";
				SWIFT_VERSION = 5.0;
				TARGETED_DEVICE_FAMILY = 1;
			};
			name = Release;
		};
		228BC465264979FF0030FB30 /* Debug */ = {
			isa = XCBuildConfiguration;
			buildSettings = {
				ALWAYS_EMBED_SWIFT_STANDARD_LIBRARIES = YES;
				BUNDLE_LOADER = "$(TEST_HOST)";
				CODE_SIGN_STYLE = Automatic;
				DEVELOPMENT_TEAM = CXRA2S6SCR;
				INFOPLIST_FILE = MyDictionary_App_SwiftTests/Info.plist;
				IPHONEOS_DEPLOYMENT_TARGET = 14.5;
				LD_RUNPATH_SEARCH_PATHS = (
					"$(inherited)",
					"@executable_path/Frameworks",
					"@loader_path/Frameworks",
				);
				PRODUCT_BUNDLE_IDENTIFIER = "com.dcteam.MyDictionary-App-SwiftTests";
				PRODUCT_NAME = "$(TARGET_NAME)";
				SWIFT_VERSION = 5.0;
				TARGETED_DEVICE_FAMILY = "1,2";
				TEST_HOST = "$(BUILT_PRODUCTS_DIR)/MyDictionary_App_Swift.app/MyDictionary_App_Swift";
			};
			name = Debug;
		};
		228BC466264979FF0030FB30 /* Release */ = {
			isa = XCBuildConfiguration;
			buildSettings = {
				ALWAYS_EMBED_SWIFT_STANDARD_LIBRARIES = YES;
				BUNDLE_LOADER = "$(TEST_HOST)";
				CODE_SIGN_STYLE = Automatic;
				DEVELOPMENT_TEAM = CXRA2S6SCR;
				INFOPLIST_FILE = MyDictionary_App_SwiftTests/Info.plist;
				IPHONEOS_DEPLOYMENT_TARGET = 14.5;
				LD_RUNPATH_SEARCH_PATHS = (
					"$(inherited)",
					"@executable_path/Frameworks",
					"@loader_path/Frameworks",
				);
				PRODUCT_BUNDLE_IDENTIFIER = "com.dcteam.MyDictionary-App-SwiftTests";
				PRODUCT_NAME = "$(TARGET_NAME)";
				SWIFT_VERSION = 5.0;
				TARGETED_DEVICE_FAMILY = "1,2";
				TEST_HOST = "$(BUILT_PRODUCTS_DIR)/MyDictionary_App_Swift.app/MyDictionary_App_Swift";
			};
			name = Release;
		};
		228BC468264979FF0030FB30 /* Debug */ = {
			isa = XCBuildConfiguration;
			buildSettings = {
				ALWAYS_EMBED_SWIFT_STANDARD_LIBRARIES = YES;
				CODE_SIGN_STYLE = Automatic;
				DEVELOPMENT_TEAM = CXRA2S6SCR;
				INFOPLIST_FILE = MyDictionary_App_SwiftUITests/Info.plist;
				LD_RUNPATH_SEARCH_PATHS = (
					"$(inherited)",
					"@executable_path/Frameworks",
					"@loader_path/Frameworks",
				);
				PRODUCT_BUNDLE_IDENTIFIER = "com.dcteam.MyDictionary-App-SwiftUITests";
				PRODUCT_NAME = "$(TARGET_NAME)";
				SWIFT_VERSION = 5.0;
				TARGETED_DEVICE_FAMILY = "1,2";
				TEST_TARGET_NAME = MyDictionary_App_Swift;
			};
			name = Debug;
		};
		228BC469264979FF0030FB30 /* Release */ = {
			isa = XCBuildConfiguration;
			buildSettings = {
				ALWAYS_EMBED_SWIFT_STANDARD_LIBRARIES = YES;
				CODE_SIGN_STYLE = Automatic;
				DEVELOPMENT_TEAM = CXRA2S6SCR;
				INFOPLIST_FILE = MyDictionary_App_SwiftUITests/Info.plist;
				LD_RUNPATH_SEARCH_PATHS = (
					"$(inherited)",
					"@executable_path/Frameworks",
					"@loader_path/Frameworks",
				);
				PRODUCT_BUNDLE_IDENTIFIER = "com.dcteam.MyDictionary-App-SwiftUITests";
				PRODUCT_NAME = "$(TARGET_NAME)";
				SWIFT_VERSION = 5.0;
				TARGETED_DEVICE_FAMILY = "1,2";
				TEST_TARGET_NAME = MyDictionary_App_Swift;
			};
			name = Release;
		};
/* End XCBuildConfiguration section */

/* Begin XCConfigurationList section */
		228BC42F264979FD0030FB30 /* Build configuration list for PBXProject "MyDictionary_App_Swift" */ = {
			isa = XCConfigurationList;
			buildConfigurations = (
				228BC45F264979FF0030FB30 /* Debug */,
				228BC460264979FF0030FB30 /* Release */,
			);
			defaultConfigurationIsVisible = 0;
			defaultConfigurationName = Release;
		};
		228BC461264979FF0030FB30 /* Build configuration list for PBXNativeTarget "MyDictionary_App_Swift" */ = {
			isa = XCConfigurationList;
			buildConfigurations = (
				228BC462264979FF0030FB30 /* Debug */,
				228BC463264979FF0030FB30 /* Release */,
			);
			defaultConfigurationIsVisible = 0;
			defaultConfigurationName = Release;
		};
		228BC464264979FF0030FB30 /* Build configuration list for PBXNativeTarget "MyDictionary_App_SwiftTests" */ = {
			isa = XCConfigurationList;
			buildConfigurations = (
				228BC465264979FF0030FB30 /* Debug */,
				228BC466264979FF0030FB30 /* Release */,
			);
			defaultConfigurationIsVisible = 0;
			defaultConfigurationName = Release;
		};
		228BC467264979FF0030FB30 /* Build configuration list for PBXNativeTarget "MyDictionary_App_SwiftUITests" */ = {
			isa = XCConfigurationList;
			buildConfigurations = (
				228BC468264979FF0030FB30 /* Debug */,
				228BC469264979FF0030FB30 /* Release */,
			);
			defaultConfigurationIsVisible = 0;
			defaultConfigurationName = Release;
		};
/* End XCConfigurationList section */

/* Begin XCVersionGroup section */
		228BC440264979FD0030FB30 /* MyDictionary_App_Swift.xcdatamodeld */ = {
			isa = XCVersionGroup;
			children = (
				228BC441264979FD0030FB30 /* MyDictionary_App_Swift.xcdatamodel */,
			);
			currentVersion = 228BC441264979FD0030FB30 /* MyDictionary_App_Swift.xcdatamodel */;
			path = MyDictionary_App_Swift.xcdatamodeld;
			sourceTree = "<group>";
			versionGroupType = wrapper.xcdatamodel;
		};
/* End XCVersionGroup section */
	};
	rootObject = 228BC42C264979FD0030FB30 /* Project object */;
}
